
Microsoft Visual Studio Solution File, Format Version 12.00
# Visual Studio Version 17
VisualStudioVersion = 17.14.37203.1
MinimumVisualStudioVersion = 10.0.40219.1
Project("{FAE04EC0-301F-11D3-BF4B-00C04F79EFBC}") = "API_SITMAS", "..\API_SITMAS\API_SITMAS.csproj", "{50FAF84D-2285-4A71-8BE7-136BB53156F2}"
EndProject
Global
	GlobalSection(SolutionConfigurationPlatforms) = preSolution
		Debug|Any CPU = Debug|Any CPU
		Release|Any CPU = Release|Any CPU
	EndGlobalSection
	GlobalSection(ProjectConfigurationPlatforms) = postSolution
		{50FAF84D-2285-4A71-8BE7-136BB53156F2}.Debug|Any CPU.ActiveCfg = Debug|Any CPU
		{50FAF84D-2285-4A71-8BE7-136BB53156F2}.Debug|Any CPU.Build.0 = Debug|Any CPU
		{50FAF84D-2285-4A71-8BE7-136BB53156F2}.Release|Any CPU.ActiveCfg = Release|Any CPU
		{50FAF84D-2285-4A71-8BE7-136BB53156F2}.Release|Any CPU.Build.0 = Release|Any CPU
	EndGlobalSection
	GlobalSection(SolutionProperties) = preSolution
		HideSolutionNode = FALSE
	EndGlobalSection
	GlobalSection(ExtensibilityGlobals) = postSolution
		SolutionGuid = {9D408177-2575-4243-8ED9-5EF12E18453C}
	EndGlobalSection
EndGlobal
